
Microsoft Visual Studio Solution File, Format Version 12.00
# Visual Studio Version 17
VisualStudioVersion = 17.6.33815.320
MinimumVisualStudioVersion = 10.0.40219.1
Project("{9A19103F-16F7-4668-BE54-9A1E7A4F7556}") = "Sample.API", "Sample.API\Sample.API.csproj", "{2D84CD9C-29F4-476D-B8DD-45CC8679A9B8}"
EndProject
Project("{9A19103F-16F7-4668-BE54-9A1E7A4F7556}") = "Sample.ApplicationService", "Sample.ApplicationService\Sample.ApplicationService.csproj", "{ECE4532A-FED2-4AD6-A0CB-77FDC7C5A07A}"
EndProject
Project("{9A19103F-16F7-4668-BE54-9A1E7A4F7556}") = "Sample.Domain", "Sample.Domain\Sample.Domain.csproj", "{C4D4F948-96F5-4197-A713-D012FD651C2C}"
EndProject
Project("{9A19103F-16F7-4668-BE54-9A1E7A4F7556}") = "Sample.Framework", "Sample.Framework\Sample.Framework.csproj", "{2B691190-CBEB-4FFC-A20A-795B5260EB77}"
EndProject
Project("{9A19103F-16F7-4668-BE54-9A1E7A4F7556}") = "Sample.Infrastructure", "Sample.Infrastructure\Sample.Infrastructure.csproj", "{26FCEEC0-5A54-40C1-9F46-24270E7E3473}"
EndProject
Global
	GlobalSection(SolutionConfigurationPlatforms) = preSolution
		Debug|Any CPU = Debug|Any CPU
		Release|Any CPU = Release|Any CPU
	EndGlobalSection
	GlobalSection(ProjectConfigurationPlatforms) = postSolution
		{2D84CD9C-29F4-476D-B8DD-45CC8679A9B8}.Debug|Any CPU.ActiveCfg = Debug|Any CPU
		{2D84CD9C-29F4-476D-B8DD-45CC8679A9B8}.Debug|Any CPU.Build.0 = Debug|Any CPU
		{2D84CD9C-29F4-476D-B8DD-45CC8679A9B8}.Release|Any CPU.ActiveCfg = Release|Any CPU
		{2D84CD9C-29F4-476D-B8DD-45CC8679A9B8}.Release|Any CPU.Build.0 = Release|Any CPU
		{ECE4532A-FED2-4AD6-A0CB-77FDC7C5A07A}.Debug|Any CPU.ActiveCfg = Debug|Any CPU
		{ECE4532A-FED2-4AD6-A0CB-77FDC7C5A07A}.Debug|Any CPU.Build.0 = Debug|Any CPU
		{ECE4532A-FED2-4AD6-A0CB-77FDC7C5A07A}.Release|Any CPU.ActiveCfg = Release|Any CPU
		{ECE4532A-FED2-4AD6-A0CB-77FDC7C5A07A}.Release|Any CPU.Build.0 = Release|Any CPU
		{C4D4F948-96F5-4197-A713-D012FD651C2C}.Debug|Any CPU.ActiveCfg = Debug|Any CPU
		{C4D4F948-96F5-4197-A713-D012FD651C2C}.Debug|Any CPU.Build.0 = Debug|Any CPU
		{C4D4F948-96F5-4197-A713-D012FD651C2C}.Release|Any CPU.ActiveCfg = Release|Any CPU
		{C4D4F948-96F5-4197-A713-D012FD651C2C}.Release|Any CPU.Build.0 = Release|Any CPU
		{2B691190-CBEB-4FFC-A20A-795B5260EB77}.Debug|Any CPU.ActiveCfg = Debug|Any CPU
		{2B691190-CBEB-4FFC-A20A-795B5260EB77}.Debug|Any CPU.Build.0 = Debug|Any CPU
		{2B691190-CBEB-4FFC-A20A-795B5260EB77}.Release|Any CPU.ActiveCfg = Release|Any CPU
		{2B691190-CBEB-4FFC-A20A-795B5260EB77}.Release|Any CPU.Build.0 = Release|Any CPU
		{26FCEEC0-5A54-40C1-9F46-24270E7E3473}.Debug|Any CPU.ActiveCfg = Debug|Any CPU
		{26FCEEC0-5A54-40C1-9F46-24270E7E3473}.Debug|Any CPU.Build.0 = Debug|Any CPU
		{26FCEEC0-5A54-40C1-9F46-24270E7E3473}.Release|Any CPU.ActiveCfg = Release|Any CPU
		{26FCEEC0-5A54-40C1-9F46-24270E7E3473}.Release|Any CPU.Build.0 = Release|Any CPU
	EndGlobalSection
	GlobalSection(SolutionProperties) = preSolution
		HideSolutionNode = FALSE
	EndGlobalSection
	GlobalSection(ExtensibilityGlobals) = postSolution
		SolutionGuid = {054A6411-33E4-4217-B8BA-32E3412E1542}
	EndGlobalSection
EndGlobal
